
Microsoft Visual Studio Solution File, Format Version 12.00
# Visual Studio Version 16
VisualStudioVersion = 16.0.31702.278
MinimumVisualStudioVersion = 10.0.40219.1
Project("{FAE04EC0-301F-11D3-BF4B-00C04F79EFBC}") = "Datos", "Datos\Datos.csproj", "{F2446941-8274-42D2-930E-EC36CCA1AC74}"
EndProject
Project("{FAE04EC0-301F-11D3-BF4B-00C04F79EFBC}") = "Negocio", "Negocio\Negocio.csproj", "{F6593141-2C7C-49A5-A378-49D1F859ABBA}"
EndProject
Project("{FAE04EC0-301F-11D3-BF4B-00C04F79EFBC}") = "Presentacion", "Presentacion\Presentacion.csproj", "{FC4F3DFA-4B46-4803-8133-68F8ECDAF8D8}"
EndProject
Global
	GlobalSection(SolutionConfigurationPlatforms) = preSolution
		Debug|Any CPU = Debug|Any CPU
		Release|Any CPU = Release|Any CPU
	EndGlobalSection
	GlobalSection(ProjectConfigurationPlatforms) = postSolution
		{F2446941-8274-42D2-930E-EC36CCA1AC74}.Debug|Any CPU.ActiveCfg = Debug|Any CPU
		{F2446941-8274-42D2-930E-EC36CCA1AC74}.Debug|Any CPU.Build.0 = Debug|Any CPU
		{F2446941-8274-42D2-930E-EC36CCA1AC74}.Release|Any CPU.ActiveCfg = Release|Any CPU
		{F2446941-8274-42D2-930E-EC36CCA1AC74}.Release|Any CPU.Build.0 = Release|Any CPU
		{F6593141-2C7C-49A5-A378-49D1F859ABBA}.Debug|Any CPU.ActiveCfg = Debug|Any CPU
		{F6593141-2C7C-49A5-A378-49D1F859ABBA}.Debug|Any CPU.Build.0 = Debug|Any CPU
		{F6593141-2C7C-49A5-A378-49D1F859ABBA}.Release|Any CPU.ActiveCfg = Release|Any CPU
		{F6593141-2C7C-49A5-A378-49D1F859ABBA}.Release|Any CPU.Build.0 = Release|Any CPU
		{FC4F3DFA-4B46-4803-8133-68F8ECDAF8D8}.Debug|Any CPU.ActiveCfg = Debug|Any CPU
		{FC4F3DFA-4B46-4803-8133-68F8ECDAF8D8}.Debug|Any CPU.Build.0 = Debug|Any CPU
		{FC4F3DFA-4B46-4803-8133-68F8ECDAF8D8}.Release|Any CPU.ActiveCfg = Release|Any CPU
		{FC4F3DFA-4B46-4803-8133-68F8ECDAF8D8}.Release|Any CPU.Build.0 = Release|Any CPU
	EndGlobalSection
	GlobalSection(SolutionProperties) = preSolution
		HideSolutionNode = FALSE
	EndGlobalSection
	GlobalSection(ExtensibilityGlobals) = postSolution
		SolutionGuid = {FE800295-0401-4ACA-BAC9-714377AA8C37}
	EndGlobalSection
EndGlobal
